// !$*UTF8*$!
{
	archiveVersion = 1;
	classes = {
	};
	objectVersion = 50;
	objects = {

/* Begin PBXBuildFile section */
		0D1D745722B344A7001A2259 /* OrderedDictionary.m in Sources */ = {isa = PBXBuildFile; fileRef = 0D1D745622B344A7001A2259 /* OrderedDictionary.m */; };
		0D1D745922B353F1001A2259 /* CIFilters.json in Resources */ = {isa = PBXBuildFile; fileRef = 0D1D745822B353F1001A2259 /* CIFilters.json */; };
		0D1D74A422B39DA5001A2259 /* SceneKit Additions.m in Sources */ = {isa = PBXBuildFile; fileRef = 0D1D745C22B39DA5001A2259 /* SceneKit Additions.m */; };
		0D1D74A522B39DA5001A2259 /* UIImage+Scale.m in Sources */ = {isa = PBXBuildFile; fileRef = 0D1D746222B39DA5001A2259 /* UIImage+Scale.m */; };
		0D1D74A622B39DA5001A2259 /* UIImage+ColorArt.m in Sources */ = {isa = PBXBuildFile; fileRef = 0D1D746322B39DA5001A2259 /* UIImage+ColorArt.m */; };
		0D1D74A722B39DA5001A2259 /* SLColorArt.m in Sources */ = {isa = PBXBuildFile; fileRef = 0D1D746422B39DA5001A2259 /* SLColorArt.m */; };
		0D1D74A822B39DA5001A2259 /* UIImage+ResizeMagick.m in Sources */ = {isa = PBXBuildFile; fileRef = 0D1D746622B39DA5001A2259 /* UIImage+ResizeMagick.m */; };
		0D1D74A922B39DA5001A2259 /* Colours.m in Sources */ = {isa = PBXBuildFile; fileRef = 0D1D746722B39DA5001A2259 /* Colours.m */; };
		0D1D74AA22B39DA5001A2259 /* _FBTweakCategoryViewController.m in Sources */ = {isa = PBXBuildFile; fileRef = 0D1D746A22B39DA5001A2259 /* _FBTweakCategoryViewController.m */; };
		0D1D74AB22B39DA5001A2259 /* FBTweakStore.m in Sources */ = {isa = PBXBuildFile; fileRef = 0D1D746D22B39DA5001A2259 /* FBTweakStore.m */; };
		0D1D74AC22B39DA5001A2259 /* _FBTweakColorViewControllerHSBDataSource.m in Sources */ = {isa = PBXBuildFile; fileRef = 0D1D747222B39DA5001A2259 /* _FBTweakColorViewControllerHSBDataSource.m */; };
		0D1D74AD22B39DA5001A2259 /* _FBTweakCollectionViewController.m in Sources */ = {isa = PBXBuildFile; fileRef = 0D1D747322B39DA5001A2259 /* _FBTweakCollectionViewController.m */; };
		0D1D74AE22B39DA5001A2259 /* FBTweakCategory.m in Sources */ = {isa = PBXBuildFile; fileRef = 0D1D747422B39DA5001A2259 /* FBTweakCategory.m */; };
		0D1D74AF22B39DA5001A2259 /* FBTweakViewController.m in Sources */ = {isa = PBXBuildFile; fileRef = 0D1D747522B39DA5001A2259 /* FBTweakViewController.m */; };
		0D1D74B022B39DA5001A2259 /* FBTweak.m in Sources */ = {isa = PBXBuildFile; fileRef = 0D1D747622B39DA5001A2259 /* FBTweak.m */; };
		0D1D74B122B39DA5001A2259 /* _FBTweakTableViewCell.m in Sources */ = {isa = PBXBuildFile; fileRef = 0D1D747A22B39DA5001A2259 /* _FBTweakTableViewCell.m */; };
		0D1D74B222B39DA5001A2259 /* FBTweakShakeWindow.m in Sources */ = {isa = PBXBuildFile; fileRef = 0D1D747B22B39DA5001A2259 /* FBTweakShakeWindow.m */; };
		0D1D74B322B39DA5001A2259 /* _FBColorComponentCell.m in Sources */ = {isa = PBXBuildFile; fileRef = 0D1D747C22B39DA5001A2259 /* _FBColorComponentCell.m */; };
		0D1D74B422B39DA5001A2259 /* _FBTweakBindObserver.m in Sources */ = {isa = PBXBuildFile; fileRef = 0D1D748122B39DA5001A2259 /* _FBTweakBindObserver.m */; };
		0D1D74B522B39DA5001A2259 /* FBTweakInline.m in Sources */ = {isa = PBXBuildFile; fileRef = 0D1D748222B39DA5001A2259 /* FBTweakInline.m */; };
		0D1D74B622B39DA5001A2259 /* _FBTweakArrayViewController.m in Sources */ = {isa = PBXBuildFile; fileRef = 0D1D748422B39DA5001A2259 /* _FBTweakArrayViewController.m */; };
		0D1D74B722B39DA5001A2259 /* _FBTweakDictionaryViewController.m in Sources */ = {isa = PBXBuildFile; fileRef = 0D1D748A22B39DA5001A2259 /* _FBTweakDictionaryViewController.m */; };
		0D1D74B822B39DA5001A2259 /* _FBKeyboardManager.m in Sources */ = {isa = PBXBuildFile; fileRef = 0D1D748C22B39DA5001A2259 /* _FBKeyboardManager.m */; };
		0D1D74B922B39DA5001A2259 /* FBTweakCollection.m in Sources */ = {isa = PBXBuildFile; fileRef = 0D1D748D22B39DA5001A2259 /* FBTweakCollection.m */; };
		0D1D74BA22B39DA5001A2259 /* _FBColorUtils.m in Sources */ = {isa = PBXBuildFile; fileRef = 0D1D748E22B39DA5001A2259 /* _FBColorUtils.m */; };
		0D1D74BB22B39DA5001A2259 /* _FBTweakColorViewControllerRGBDataSource.m in Sources */ = {isa = PBXBuildFile; fileRef = 0D1D749122B39DA5001A2259 /* _FBTweakColorViewControllerRGBDataSource.m */; };
		0D1D74BC22B39DA5001A2259 /* _FBColorWheelCell.m in Sources */ = {isa = PBXBuildFile; fileRef = 0D1D749222B39DA5001A2259 /* _FBColorWheelCell.m */; };
		0D1D74BD22B39DA5001A2259 /* _FBSliderView.m in Sources */ = {isa = PBXBuildFile; fileRef = 0D1D749322B39DA5001A2259 /* _FBSliderView.m */; };
		0D1D74BE22B39DA5001A2259 /* _FBTweakColorViewController.m in Sources */ = {isa = PBXBuildFile; fileRef = 0D1D749422B39DA5001A2259 /* _FBTweakColorViewController.m */; };
		0D1D74BF22B39DA5001A2259 /* BezierUtilities.m in Sources */ = {isa = PBXBuildFile; fileRef = 0D1D749A22B39DA5001A2259 /* BezierUtilities.m */; };
		0D1D74C022B39DA5001A2259 /* BaseGeometry.m in Sources */ = {isa = PBXBuildFile; fileRef = 0D1D749B22B39DA5001A2259 /* BaseGeometry.m */; };
		0D1D74C122B39DA5001A2259 /* XMLDictionary.m in Sources */ = {isa = PBXBuildFile; fileRef = 0D1D749E22B39DA5001A2259 /* XMLDictionary.m */; };
		0D1D74C222B39DA5001A2259 /* UIImage+ImageEffects.m in Sources */ = {isa = PBXBuildFile; fileRef = 0D1D74A222B39DA5001A2259 /* UIImage+ImageEffects.m */; };
		0D1D74C322B39DA5001A2259 /* JDMGradientLayer.m in Sources */ = {isa = PBXBuildFile; fileRef = 0D1D74A322B39DA5001A2259 /* JDMGradientLayer.m */; };
		0D1D753A22B4855F001A2259 /* XWCameraViewController.m in Sources */ = {isa = PBXBuildFile; fileRef = 0D1D753922B4855F001A2259 /* XWCameraViewController.m */; };
		0D1D754E22B4C062001A2259 /* NSString+X.m in Sources */ = {isa = PBXBuildFile; fileRef = 0D1D754D22B4C062001A2259 /* NSString+X.m */; };
		0D1D755F22B71B05001A2259 /* XWColorMapperViewController.m in Sources */ = {isa = PBXBuildFile; fileRef = 0D1D755E22B71B05001A2259 /* XWColorMapperViewController.m */; };
		0D1D756322B73990001A2259 /* ColorSpaceUtilites.m in Sources */ = {isa = PBXBuildFile; fileRef = 0D1D756122B7398F001A2259 /* ColorSpaceUtilites.m */; };
		0D1D756522B739EC001A2259 /* AudioHelper.m in Sources */ = {isa = PBXBuildFile; fileRef = 0D1D756422B739EC001A2259 /* AudioHelper.m */; };
		0D1D756922B73C82001A2259 /* UIColor+X.m in Sources */ = {isa = PBXBuildFile; fileRef = 0D1D756822B73C82001A2259 /* UIColor+X.m */; };
		0D1D757222B775DA001A2259 /* XWUtilsTableViewController.m in Sources */ = {isa = PBXBuildFile; fileRef = 0D1D757122B775DA001A2259 /* XWUtilsTableViewController.m */; };
		0D1D757822B78A10001A2259 /* video_record@2x.png in Resources */ = {isa = PBXBuildFile; fileRef = 0D1D757722B78A10001A2259 /* video_record@2x.png */; };
		0D1D757A22B78AB6001A2259 /* camera@2x.png in Resources */ = {isa = PBXBuildFile; fileRef = 0D1D757922B78AB6001A2259 /* camera@2x.png */; };
		0D1D758722B8B127001A2259 /* photos@2x.png in Resources */ = {isa = PBXBuildFile; fileRef = 0D1D758622B8B127001A2259 /* photos@2x.png */; };
		0D1D758922B8B171001A2259 /* mermaid@2x.png in Resources */ = {isa = PBXBuildFile; fileRef = 0D1D758822B8B171001A2259 /* mermaid@2x.png */; };
		0D1D758C22B8B3EF001A2259 /* XWPhotoOptimizeViewController.m in Sources */ = {isa = PBXBuildFile; fileRef = 0D1D758B22B8B3EF001A2259 /* XWPhotoOptimizeViewController.m */; };
		0D260CD422B108C500C7A70A /* File.strings in Resources */ = {isa = PBXBuildFile; fileRef = 0D260CD122B108C500C7A70A /* File.strings */; };
		0D260CD522B108C500C7A70A /* Filters in Resources */ = {isa = PBXBuildFile; fileRef = 0D260CD222B108C500C7A70A /* Filters */; };
		0D9466FB22B09F2500F8F396 /* AppDelegate.m in Sources */ = {isa = PBXBuildFile; fileRef = 0D9466FA22B09F2500F8F396 /* AppDelegate.m */; };
		0D94670122B09F2500F8F396 /* Main.storyboard in Resources */ = {isa = PBXBuildFile; fileRef = 0D9466FF22B09F2500F8F396 /* Main.storyboard */; };
		0D94670422B09F2500F8F396 /* XWColorScope.xcdatamodeld in Sources */ = {isa = PBXBuildFile; fileRef = 0D94670222B09F2500F8F396 /* XWColorScope.xcdatamodeld */; };
		0D94670622B09F2500F8F396 /* Assets.xcassets in Resources */ = {isa = PBXBuildFile; fileRef = 0D94670522B09F2500F8F396 /* Assets.xcassets */; };
		0D94670922B09F2500F8F396 /* LaunchScreen.storyboard in Resources */ = {isa = PBXBuildFile; fileRef = 0D94670722B09F2500F8F396 /* LaunchScreen.storyboard */; };
		0D94670C22B09F2500F8F396 /* main.m in Sources */ = {isa = PBXBuildFile; fileRef = 0D94670B22B09F2500F8F396 /* main.m */; };
		0D94671622B09F2500F8F396 /* XWColorScopeTests.m in Sources */ = {isa = PBXBuildFile; fileRef = 0D94671522B09F2500F8F396 /* XWColorScopeTests.m */; };
		0D94672122B09F2500F8F396 /* XWColorScopeUITests.m in Sources */ = {isa = PBXBuildFile; fileRef = 0D94672022B09F2500F8F396 /* XWColorScopeUITests.m */; };
		0D94673022B09F3D00F8F396 /* CIFiltersTableViewController.m in Sources */ = {isa = PBXBuildFile; fileRef = 0D94672F22B09F3D00F8F396 /* CIFiltersTableViewController.m */; };
		0D94673422B09F6F00F8F396 /* HomeViewController.m in Sources */ = {isa = PBXBuildFile; fileRef = 0D94673322B09F6F00F8F396 /* HomeViewController.m */; };
		0D94673822B0A06E00F8F396 /* UIImage+X.m in Sources */ = {isa = PBXBuildFile; fileRef = 0D94673722B0A06E00F8F396 /* UIImage+X.m */; };
		0D94674022B0A09E00F8F396 /* UIImage+FiltrrCompositions.m in Sources */ = {isa = PBXBuildFile; fileRef = 0D94673A22B0A09E00F8F396 /* UIImage+FiltrrCompositions.m */; };
		0D94674222B0A09E00F8F396 /* UIImage+Filtrr.m in Sources */ = {isa = PBXBuildFile; fileRef = 0D94673F22B0A09E00F8F396 /* UIImage+Filtrr.m */; };
		0D94674622B0B1B800F8F396 /* CIFitlerDetailViewController.m in Sources */ = {isa = PBXBuildFile; fileRef = 0D94674522B0B1B800F8F396 /* CIFitlerDetailViewController.m */; };
/* End PBXBuildFile section */

/* Begin PBXContainerItemProxy section */
		0D94671222B09F2500F8F396 /* PBXContainerItemProxy */ = {
			isa = PBXContainerItemProxy;
			containerPortal = 0D9466EE22B09F2500F8F396 /* Project object */;
			proxyType = 1;
			remoteGlobalIDString = 0D9466F522B09F2500F8F396;
			remoteInfo = XWColorScope;
		};
		0D94671D22B09F2500F8F396 /* PBXContainerItemProxy */ = {
			isa = PBXContainerItemProxy;
			containerPortal = 0D9466EE22B09F2500F8F396 /* Project object */;
			proxyType = 1;
			remoteGlobalIDString = 0D9466F522B09F2500F8F396;
			remoteInfo = XWColorScope;
		};
/* End PBXContainerItemProxy section */

/* Begin PBXFileReference section */
		0D1D745522B344A6001A2259 /* OrderedDictionary.h */ = {isa = PBXFileReference; fileEncoding = 4; lastKnownFileType = sourcecode.c.h; path = OrderedDictionary.h; sourceTree = "<group>"; };
		0D1D745622B344A7001A2259 /* OrderedDictionary.m */ = {isa = PBXFileReference; fileEncoding = 4; lastKnownFileType = sourcecode.c.objc; path = OrderedDictionary.m; sourceTree = "<group>"; };
		0D1D745822B353F1001A2259 /* CIFilters.json */ = {isa = PBXFileReference; lastKnownFileType = text.json; path = CIFilters.json; sourceTree = "<group>"; };
		0D1D745C22B39DA5001A2259 /* SceneKit Additions.m */ = {isa = PBXFileReference; fileEncoding = 4; lastKnownFileType = sourcecode.c.objc; path = "SceneKit Additions.m"; sourceTree = "<group>"; };
		0D1D745D22B39DA5001A2259 /* BaseGeometry.h */ = {isa = PBXFileReference; fileEncoding = 4; lastKnownFileType = sourcecode.c.h; path = BaseGeometry.h; sourceTree = "<group>"; };
		0D1D745F22B39DA5001A2259 /* UIImage+Scale.h */ = {isa = PBXFileReference; fileEncoding = 4; lastKnownFileType = sourcecode.c.h; path = "UIImage+Scale.h"; sourceTree = "<group>"; };
		0D1D746022B39DA5001A2259 /* UIImage+ColorArt.h */ = {isa = PBXFileReference; fileEncoding = 4; lastKnownFileType = sourcecode.c.h; path = "UIImage+ColorArt.h"; sourceTree = "<group>"; };
		0D1D746122B39DA5001A2259 /* SLColorArt.h */ = {isa = PBXFileReference; fileEncoding = 4; lastKnownFileType = sourcecode.c.h; path = SLColorArt.h; sourceTree = "<group>"; };
		0D1D746222B39DA5001A2259 /* UIImage+Scale.m */ = {isa = PBXFileReference; fileEncoding = 4; lastKnownFileType = sourcecode.c.objc; path = "UIImage+Scale.m"; sourceTree = "<group>"; };
		0D1D746322B39DA5001A2259 /* UIImage+ColorArt.m */ = {isa = PBXFileReference; fileEncoding = 4; lastKnownFileType = sourcecode.c.objc; path = "UIImage+ColorArt.m"; sourceTree = "<group>"; };
		0D1D746422B39DA5001A2259 /* SLColorArt.m */ = {isa = PBXFileReference; fileEncoding = 4; lastKnownFileType = sourcecode.c.objc; path = SLColorArt.m; sourceTree = "<group>"; };
		0D1D746522B39DA5001A2259 /* BezierUtilities.h */ = {isa = PBXFileReference; fileEncoding = 4; lastKnownFileType = sourcecode.c.h; path = BezierUtilities.h; sourceTree = "<group>"; };
		0D1D746622B39DA5001A2259 /* UIImage+ResizeMagick.m */ = {isa = PBXFileReference; fileEncoding = 4; lastKnownFileType = sourcecode.c.objc; path = "UIImage+ResizeMagick.m"; sourceTree = "<group>"; };
		0D1D746722B39DA5001A2259 /* Colours.m */ = {isa = PBXFileReference; fileEncoding = 4; lastKnownFileType = sourcecode.c.objc; path = Colours.m; sourceTree = "<group>"; };
		0D1D746922B39DA5001A2259 /* FBTweak-Prefix.pch */ = {isa = PBXFileReference; fileEncoding = 4; lastKnownFileType = sourcecode.c.h; path = "FBTweak-Prefix.pch"; sourceTree = "<group>"; };
		0D1D746A22B39DA5001A2259 /* _FBTweakCategoryViewController.m */ = {isa = PBXFileReference; fileEncoding = 4; lastKnownFileType = sourcecode.c.objc; path = _FBTweakCategoryViewController.m; sourceTree = "<group>"; };
		0D1D746B22B39DA5001A2259 /* _FBTweakArrayViewController.h */ = {isa = PBXFileReference; fileEncoding = 4; lastKnownFileType = sourcecode.c.h; path = _FBTweakArrayViewController.h; sourceTree = "<group>"; };
		0D1D746C22B39DA5001A2259 /* FBTweakInline.h */ = {isa = PBXFileReference; fileEncoding = 4; lastKnownFileType = sourcecode.c.h; path = FBTweakInline.h; sourceTree = "<group>"; };
		0D1D746D22B39DA5001A2259 /* FBTweakStore.m */ = {isa = PBXFileReference; fileEncoding = 4; lastKnownFileType = sourcecode.c.objc; path = FBTweakStore.m; sourceTree = "<group>"; };
		0D1D746E22B39DA5001A2259 /* _FBTweakBindObserver.h */ = {isa = PBXFileReference; fileEncoding = 4; lastKnownFileType = sourcecode.c.h; path = _FBTweakBindObserver.h; sourceTree = "<group>"; };
		0D1D746F22B39DA5001A2259 /* _FBTweakColorViewControllerDataSource.h */ = {isa = PBXFileReference; fileEncoding = 4; lastKnownFileType = sourcecode.c.h; path = _FBTweakColorViewControllerDataSource.h; sourceTree = "<group>"; };
		0D1D747022B39DA5001A2259 /* FBTweakEnabled.h */ = {isa = PBXFileReference; fileEncoding = 4; lastKnownFileType = sourcecode.c.h; path = FBTweakEnabled.h; sourceTree = "<group>"; };
		0D1D747122B39DA5001A2259 /* _FBTweakDictionaryViewController.h */ = {isa = PBXFileReference; fileEncoding = 4; lastKnownFileType = sourcecode.c.h; path = _FBTweakDictionaryViewController.h; sourceTree = "<group>"; };
		0D1D747222B39DA5001A2259 /* _FBTweakColorViewControllerHSBDataSource.m */ = {isa = PBXFileReference; fileEncoding = 4; lastKnownFileType = sourcecode.c.objc; path = _FBTweakColorViewControllerHSBDataSource.m; sourceTree = "<group>"; };
		0D1D747322B39DA5001A2259 /* _FBTweakCollectionViewController.m */ = {isa = PBXFileReference; fileEncoding = 4; lastKnownFileType = sourcecode.c.objc; path = _FBTweakCollectionViewController.m; sourceTree = "<group>"; };
		0D1D747422B39DA5001A2259 /* FBTweakCategory.m */ = {isa = PBXFileReference; fileEncoding = 4; lastKnownFileType = sourcecode.c.objc; path = FBTweakCategory.m; sourceTree = "<group>"; };
		0D1D747522B39DA5001A2259 /* FBTweakViewController.m */ = {isa = PBXFileReference; fileEncoding = 4; lastKnownFileType = sourcecode.c.objc; path = FBTweakViewController.m; sourceTree = "<group>"; };
		0D1D747622B39DA5001A2259 /* FBTweak.m */ = {isa = PBXFileReference; fileEncoding = 4; lastKnownFileType = sourcecode.c.objc; path = FBTweak.m; sourceTree = "<group>"; };
		0D1D747722B39DA5001A2259 /* _FBColorUtils.h */ = {isa = PBXFileReference; fileEncoding = 4; lastKnownFileType = sourcecode.c.h; path = _FBColorUtils.h; sourceTree = "<group>"; };
		0D1D747822B39DA5001A2259 /* FBTweakCollection.h */ = {isa = PBXFileReference; fileEncoding = 4; lastKnownFileType = sourcecode.c.h; path = FBTweakCollection.h; sourceTree = "<group>"; };
		0D1D747922B39DA5001A2259 /* _FBKeyboardManager.h */ = {isa = PBXFileReference; fileEncoding = 4; lastKnownFileType = sourcecode.c.h; path = _FBKeyboardManager.h; sourceTree = "<group>"; };
		0D1D747A22B39DA5001A2259 /* _FBTweakTableViewCell.m */ = {isa = PBXFileReference; fileEncoding = 4; lastKnownFileType = sourcecode.c.objc; path = _FBTweakTableViewCell.m; sourceTree = "<group>"; };
		0D1D747B22B39DA5001A2259 /* FBTweakShakeWindow.m */ = {isa = PBXFileReference; fileEncoding = 4; lastKnownFileType = sourcecode.c.objc; path = FBTweakShakeWindow.m; sourceTree = "<group>"; };
		0D1D747C22B39DA5001A2259 /* _FBColorComponentCell.m */ = {isa = PBXFileReference; fileEncoding = 4; lastKnownFileType = sourcecode.c.objc; path = _FBColorComponentCell.m; sourceTree = "<group>"; };
		0D1D747D22B39DA5001A2259 /* _FBTweakColorViewController.h */ = {isa = PBXFileReference; fileEncoding = 4; lastKnownFileType = sourcecode.c.h; path = _FBTweakColorViewController.h; sourceTree = "<group>"; };
		0D1D747E22B39DA5001A2259 /* _FBSliderView.h */ = {isa = PBXFileReference; fileEncoding = 4; lastKnownFileType = sourcecode.c.h; path = _FBSliderView.h; sourceTree = "<group>"; };
		0D1D747F22B39DA5001A2259 /* _FBColorWheelCell.h */ = {isa = PBXFileReference; fileEncoding = 4; lastKnownFileType = sourcecode.c.h; path = _FBColorWheelCell.h; sourceTree = "<group>"; };
		0D1D748022B39DA5001A2259 /* _FBTweakColorViewControllerRGBDataSource.h */ = {isa = PBXFileReference; fileEncoding = 4; lastKnownFileType = sourcecode.c.h; path = _FBTweakColorViewControllerRGBDataSource.h; sourceTree = "<group>"; };
		0D1D748122B39DA5001A2259 /* _FBTweakBindObserver.m */ = {isa = PBXFileReference; fileEncoding = 4; lastKnownFileType = sourcecode.c.objc; path = _FBTweakBindObserver.m; sourceTree = "<group>"; };
		0D1D748222B39DA5001A2259 /* FBTweakInline.m */ = {isa = PBXFileReference; fileEncoding = 4; lastKnownFileType = sourcecode.c.objc; path = FBTweakInline.m; sourceTree = "<group>"; };
		0D1D748322B39DA5001A2259 /* FBTweakStore.h */ = {isa = PBXFileReference; fileEncoding = 4; lastKnownFileType = sourcecode.c.h; path = FBTweakStore.h; sourceTree = "<group>"; };
		0D1D748422B39DA5001A2259 /* _FBTweakArrayViewController.m */ = {isa = PBXFileReference; fileEncoding = 4; lastKnownFileType = sourcecode.c.objc; path = _FBTweakArrayViewController.m; sourceTree = "<group>"; };
		0D1D748522B39DA5001A2259 /* _FBTweakCategoryViewController.h */ = {isa = PBXFileReference; fileEncoding = 4; lastKnownFileType = sourcecode.c.h; path = _FBTweakCategoryViewController.h; sourceTree = "<group>"; };
		0D1D748622B39DA5001A2259 /* FBTweakInlineInternal.h */ = {isa = PBXFileReference; fileEncoding = 4; lastKnownFileType = sourcecode.c.h; path = FBTweakInlineInternal.h; sourceTree = "<group>"; };
		0D1D748722B39DA5001A2259 /* _FBTweakCollectionViewController.h */ = {isa = PBXFileReference; fileEncoding = 4; lastKnownFileType = sourcecode.c.h; path = _FBTweakCollectionViewController.h; sourceTree = "<group>"; };
		0D1D748822B39DA5001A2259 /* FBTweakCategory.h */ = {isa = PBXFileReference; fileEncoding = 4; lastKnownFileType = sourcecode.c.h; path = FBTweakCategory.h; sourceTree = "<group>"; };
		0D1D748922B39DA5001A2259 /* _FBTweakColorViewControllerHSBDataSource.h */ = {isa = PBXFileReference; fileEncoding = 4; lastKnownFileType = sourcecode.c.h; path = _FBTweakColorViewControllerHSBDataSource.h; sourceTree = "<group>"; };
		0D1D748A22B39DA5001A2259 /* _FBTweakDictionaryViewController.m */ = {isa = PBXFileReference; fileEncoding = 4; lastKnownFileType = sourcecode.c.objc; path = _FBTweakDictionaryViewController.m; sourceTree = "<group>"; };
		0D1D748B22B39DA5001A2259 /* _FBTweakTableViewCell.h */ = {isa = PBXFileReference; fileEncoding = 4; lastKnownFileType = sourcecode.c.h; path = _FBTweakTableViewCell.h; sourceTree = "<group>"; };
		0D1D748C22B39DA5001A2259 /* _FBKeyboardManager.m */ = {isa = PBXFileReference; fileEncoding = 4; lastKnownFileType = sourcecode.c.objc; path = _FBKeyboardManager.m; sourceTree = "<group>"; };
		0D1D748D22B39DA5001A2259 /* FBTweakCollection.m */ = {isa = PBXFileReference; fileEncoding = 4; lastKnownFileType = sourcecode.c.objc; path = FBTweakCollection.m; sourceTree = "<group>"; };
		0D1D748E22B39DA5001A2259 /* _FBColorUtils.m */ = {isa = PBXFileReference; fileEncoding = 4; lastKnownFileType = sourcecode.c.objc; path = _FBColorUtils.m; sourceTree = "<group>"; };
		0D1D748F22B39DA5001A2259 /* FBTweak.h */ = {isa = PBXFileReference; fileEncoding = 4; lastKnownFileType = sourcecode.c.h; path = FBTweak.h; sourceTree = "<group>"; };
		0D1D749022B39DA5001A2259 /* FBTweakViewController.h */ = {isa = PBXFileReference; fileEncoding = 4; lastKnownFileType = sourcecode.c.h; path = FBTweakViewController.h; sourceTree = "<group>"; };
		0D1D749122B39DA5001A2259 /* _FBTweakColorViewControllerRGBDataSource.m */ = {isa = PBXFileReference; fileEncoding = 4; lastKnownFileType = sourcecode.c.objc; path = _FBTweakColorViewControllerRGBDataSource.m; sourceTree = "<group>"; };
		0D1D749222B39DA5001A2259 /* _FBColorWheelCell.m */ = {isa = PBXFileReference; fileEncoding = 4; lastKnownFileType = sourcecode.c.objc; path = _FBColorWheelCell.m; sourceTree = "<group>"; };
		0D1D749322B39DA5001A2259 /* _FBSliderView.m */ = {isa = PBXFileReference; fileEncoding = 4; lastKnownFileType = sourcecode.c.objc; path = _FBSliderView.m; sourceTree = "<group>"; };
		0D1D749422B39DA5001A2259 /* _FBTweakColorViewController.m */ = {isa = PBXFileReference; fileEncoding = 4; lastKnownFileType = sourcecode.c.objc; path = _FBTweakColorViewController.m; sourceTree = "<group>"; };
		0D1D749522B39DA5001A2259 /* _FBColorComponentCell.h */ = {isa = PBXFileReference; fileEncoding = 4; lastKnownFileType = sourcecode.c.h; path = _FBColorComponentCell.h; sourceTree = "<group>"; };
		0D1D749622B39DA5001A2259 /* FBTweakShakeWindow.h */ = {isa = PBXFileReference; fileEncoding = 4; lastKnownFileType = sourcecode.c.h; path = FBTweakShakeWindow.h; sourceTree = "<group>"; };
		0D1D749722B39DA5001A2259 /* UIImage+ImageEffects.h */ = {isa = PBXFileReference; fileEncoding = 4; lastKnownFileType = sourcecode.c.h; path = "UIImage+ImageEffects.h"; sourceTree = "<group>"; };
		0D1D749822B39DA5001A2259 /* JDMGradientLayer.h */ = {isa = PBXFileReference; fileEncoding = 4; lastKnownFileType = sourcecode.c.h; path = JDMGradientLayer.h; sourceTree = "<group>"; };
		0D1D749922B39DA5001A2259 /* UIImage+ResizeMagick.h */ = {isa = PBXFileReference; fileEncoding = 4; lastKnownFileType = sourcecode.c.h; path = "UIImage+ResizeMagick.h"; sourceTree = "<group>"; };
		0D1D749A22B39DA5001A2259 /* BezierUtilities.m */ = {isa = PBXFileReference; fileEncoding = 4; lastKnownFileType = sourcecode.c.objc; path = BezierUtilities.m; sourceTree = "<group>"; };
		0D1D749B22B39DA5001A2259 /* BaseGeometry.m */ = {isa = PBXFileReference; fileEncoding = 4; lastKnownFileType = sourcecode.c.objc; path = BaseGeometry.m; sourceTree = "<group>"; };
		0D1D749D22B39DA5001A2259 /* XMLDictionary.h */ = {isa = PBXFileReference; fileEncoding = 4; lastKnownFileType = sourcecode.c.h; path = XMLDictionary.h; sourceTree = "<group>"; };
		0D1D749E22B39DA5001A2259 /* XMLDictionary.m */ = {isa = PBXFileReference; fileEncoding = 4; lastKnownFileType = sourcecode.c.objc; path = XMLDictionary.m; sourceTree = "<group>"; };
		0D1D749F22B39DA5001A2259 /* JDMUtility.h */ = {isa = PBXFileReference; fileEncoding = 4; lastKnownFileType = sourcecode.c.h; path = JDMUtility.h; sourceTree = "<group>"; };
		0D1D74A022B39DA5001A2259 /* SceneKit Additions.h */ = {isa = PBXFileReference; fileEncoding = 4; lastKnownFileType = sourcecode.c.h; path = "SceneKit Additions.h"; sourceTree = "<group>"; };
		0D1D74A122B39DA5001A2259 /* Colours.h */ = {isa = PBXFileReference; fileEncoding = 4; lastKnownFileType = sourcecode.c.h; path = Colours.h; sourceTree = "<group>"; };
		0D1D74A222B39DA5001A2259 /* UIImage+ImageEffects.m */ = {isa = PBXFileReference; fileEncoding = 4; lastKnownFileType = sourcecode.c.objc; path = "UIImage+ImageEffects.m"; sourceTree = "<group>"; };
		0D1D74A322B39DA5001A2259 /* JDMGradientLayer.m */ = {isa = PBXFileReference; fileEncoding = 4; lastKnownFileType = sourcecode.c.objc; path = JDMGradientLayer.m; sourceTree = "<group>"; };
		0D1D753822B4855F001A2259 /* XWCameraViewController.h */ = {isa = PBXFileReference; lastKnownFileType = sourcecode.c.h; path = XWCameraViewController.h; sourceTree = "<group>"; };
		0D1D753922B4855F001A2259 /* XWCameraViewController.m */ = {isa = PBXFileReference; lastKnownFileType = sourcecode.c.objc; path = XWCameraViewController.m; sourceTree = "<group>"; };
		0D1D754C22B4C062001A2259 /* NSString+X.h */ = {isa = PBXFileReference; lastKnownFileType = sourcecode.c.h; path = "NSString+X.h"; sourceTree = "<group>"; };
		0D1D754D22B4C062001A2259 /* NSString+X.m */ = {isa = PBXFileReference; lastKnownFileType = sourcecode.c.objc; path = "NSString+X.m"; sourceTree = "<group>"; };
		0D1D755D22B71B05001A2259 /* XWColorMapperViewController.h */ = {isa = PBXFileReference; lastKnownFileType = sourcecode.c.h; path = XWColorMapperViewController.h; sourceTree = "<group>"; };
		0D1D755E22B71B05001A2259 /* XWColorMapperViewController.m */ = {isa = PBXFileReference; lastKnownFileType = sourcecode.c.objc; path = XWColorMapperViewController.m; sourceTree = "<group>"; };
		0D1D756122B7398F001A2259 /* ColorSpaceUtilites.m */ = {isa = PBXFileReference; fileEncoding = 4; lastKnownFileType = sourcecode.c.objc; path = ColorSpaceUtilites.m; sourceTree = "<group>"; };
		0D1D756222B73990001A2259 /* ColorSpaceUtilities.h */ = {isa = PBXFileReference; fileEncoding = 4; lastKnownFileType = sourcecode.c.h; path = ColorSpaceUtilities.h; sourceTree = "<group>"; };
		0D1D756422B739EC001A2259 /* AudioHelper.m */ = {isa = PBXFileReference; fileEncoding = 4; lastKnownFileType = sourcecode.c.objc; path = AudioHelper.m; sourceTree = "<group>"; };
		0D1D756622B739F3001A2259 /* AudioHelper.h */ = {isa = PBXFileReference; fileEncoding = 4; lastKnownFileType = sourcecode.c.h; path = AudioHelper.h; sourceTree = "<group>"; };
		0D1D756722B73C82001A2259 /* UIColor+X.h */ = {isa = PBXFileReference; lastKnownFileType = sourcecode.c.h; path = "UIColor+X.h"; sourceTree = "<group>"; };
		0D1D756822B73C82001A2259 /* UIColor+X.m */ = {isa = PBXFileReference; lastKnownFileType = sourcecode.c.objc; path = "UIColor+X.m"; sourceTree = "<group>"; };
		0D1D757022B775DA001A2259 /* XWUtilsTableViewController.h */ = {isa = PBXFileReference; lastKnownFileType = sourcecode.c.h; path = XWUtilsTableViewController.h; sourceTree = "<group>"; };
		0D1D757122B775DA001A2259 /* XWUtilsTableViewController.m */ = {isa = PBXFileReference; lastKnownFileType = sourcecode.c.objc; path = XWUtilsTableViewController.m; sourceTree = "<group>"; };
		0D1D757722B78A10001A2259 /* video_record@2x.png */ = {isa = PBXFileReference; lastKnownFileType = image.png; path = "video_record@2x.png"; sourceTree = "<group>"; };
		0D1D757922B78AB6001A2259 /* camera@2x.png */ = {isa = PBXFileReference; lastKnownFileType = image.png; path = "camera@2x.png"; sourceTree = "<group>"; };
		0D1D758622B8B127001A2259 /* photos@2x.png */ = {isa = PBXFileReference; lastKnownFileType = image.png; path = "photos@2x.png"; sourceTree = "<group>"; };
		0D1D758822B8B171001A2259 /* mermaid@2x.png */ = {isa = PBXFileReference; lastKnownFileType = image.png; path = "mermaid@2x.png"; sourceTree = "<group>"; };
		0D1D758A22B8B3EF001A2259 /* XWPhotoOptimizeViewController.h */ = {isa = PBXFileReference; lastKnownFileType = sourcecode.c.h; path = XWPhotoOptimizeViewController.h; sourceTree = "<group>"; };
		0D1D758B22B8B3EF001A2259 /* XWPhotoOptimizeViewController.m */ = {isa = PBXFileReference; lastKnownFileType = sourcecode.c.objc; path = XWPhotoOptimizeViewController.m; sourceTree = "<group>"; };
		0D260CD122B108C500C7A70A /* File.strings */ = {isa = PBXFileReference; fileEncoding = 4; lastKnownFileType = text.plist.strings; path = File.strings; sourceTree = "<group>"; };
		0D260CD222B108C500C7A70A /* Filters */ = {isa = PBXFileReference; fileEncoding = 4; lastKnownFileType = text; path = Filters; sourceTree = "<group>"; };
		0D9466F622B09F2500F8F396 /* XWColorScope.app */ = {isa = PBXFileReference; explicitFileType = wrapper.application; includeInIndex = 0; path = XWColorScope.app; sourceTree = BUILT_PRODUCTS_DIR; };
		0D9466F922B09F2500F8F396 /* AppDelegate.h */ = {isa = PBXFileReference; lastKnownFileType = sourcecode.c.h; path = AppDelegate.h; sourceTree = "<group>"; };
		0D9466FA22B09F2500F8F396 /* AppDelegate.m */ = {isa = PBXFileReference; lastKnownFileType = sourcecode.c.objc; path = AppDelegate.m; sourceTree = "<group>"; };
		0D94670022B09F2500F8F396 /* Base */ = {isa = PBXFileReference; lastKnownFileType = file.storyboard; name = Base; path = Base.lproj/Main.storyboard; sourceTree = "<group>"; };
		0D94670322B09F2500F8F396 /* XWColorScope.xcdatamodel */ = {isa = PBXFileReference; lastKnownFileType = wrapper.xcdatamodel; path = XWColorScope.xcdatamodel; sourceTree = "<group>"; };
		0D94670522B09F2500F8F396 /* Assets.xcassets */ = {isa = PBXFileReference; lastKnownFileType = folder.assetcatalog; path = Assets.xcassets; sourceTree = "<group>"; };
		0D94670822B09F2500F8F396 /* Base */ = {isa = PBXFileReference; lastKnownFileType = file.storyboard; name = Base; path = Base.lproj/LaunchScreen.storyboard; sourceTree = "<group>"; };
		0D94670A22B09F2500F8F396 /* Info.plist */ = {isa = PBXFileReference; lastKnownFileType = text.plist.xml; path = Info.plist; sourceTree = "<group>"; };
		0D94670B22B09F2500F8F396 /* main.m */ = {isa = PBXFileReference; lastKnownFileType = sourcecode.c.objc; path = main.m; sourceTree = "<group>"; };
		0D94671122B09F2500F8F396 /* XWColorScopeTests.xctest */ = {isa = PBXFileReference; explicitFileType = wrapper.cfbundle; includeInIndex = 0; path = XWColorScopeTests.xctest; sourceTree = BUILT_PRODUCTS_DIR; };
		0D94671522B09F2500F8F396 /* XWColorScopeTests.m */ = {isa = PBXFileReference; lastKnownFileType = sourcecode.c.objc; path = XWColorScopeTests.m; sourceTree = "<group>"; };
		0D94671722B09F2500F8F396 /* Info.plist */ = {isa = PBXFileReference; lastKnownFileType = text.plist.xml; path = Info.plist; sourceTree = "<group>"; };
		0D94671C22B09F2500F8F396 /* XWColorScopeUITests.xctest */ = {isa = PBXFileReference; explicitFileType = wrapper.cfbundle; includeInIndex = 0; path = XWColorScopeUITests.xctest; sourceTree = BUILT_PRODUCTS_DIR; };
		0D94672022B09F2500F8F396 /* XWColorScopeUITests.m */ = {isa = PBXFileReference; lastKnownFileType = sourcecode.c.objc; path = XWColorScopeUITests.m; sourceTree = "<group>"; };
		0D94672222B09F2500F8F396 /* Info.plist */ = {isa = PBXFileReference; lastKnownFileType = text.plist.xml; path = Info.plist; sourceTree = "<group>"; };
		0D94672E22B09F3D00F8F396 /* CIFiltersTableViewController.h */ = {isa = PBXFileReference; lastKnownFileType = sourcecode.c.h; path = CIFiltersTableViewController.h; sourceTree = "<group>"; };
		0D94672F22B09F3D00F8F396 /* CIFiltersTableViewController.m */ = {isa = PBXFileReference; lastKnownFileType = sourcecode.c.objc; path = CIFiltersTableViewController.m; sourceTree = "<group>"; };
		0D94673222B09F6F00F8F396 /* HomeViewController.h */ = {isa = PBXFileReference; lastKnownFileType = sourcecode.c.h; path = HomeViewController.h; sourceTree = "<group>"; };
		0D94673322B09F6F00F8F396 /* HomeViewController.m */ = {isa = PBXFileReference; lastKnownFileType = sourcecode.c.objc; path = HomeViewController.m; sourceTree = "<group>"; };
		0D94673622B0A06E00F8F396 /* UIImage+X.h */ = {isa = PBXFileReference; lastKnownFileType = sourcecode.c.h; path = "UIImage+X.h"; sourceTree = "<group>"; };
		0D94673722B0A06E00F8F396 /* UIImage+X.m */ = {isa = PBXFileReference; lastKnownFileType = sourcecode.c.objc; path = "UIImage+X.m"; sourceTree = "<group>"; };
		0D94673A22B0A09E00F8F396 /* UIImage+FiltrrCompositions.m */ = {isa = PBXFileReference; fileEncoding = 4; lastKnownFileType = sourcecode.c.objc; path = "UIImage+FiltrrCompositions.m"; sourceTree = "<group>"; };
		0D94673C22B0A09E00F8F396 /* UIImage+Filtrr.h */ = {isa = PBXFileReference; fileEncoding = 4; lastKnownFileType = sourcecode.c.h; path = "UIImage+Filtrr.h"; sourceTree = "<group>"; };
		0D94673E22B0A09E00F8F396 /* UIImage+FiltrrCompositions.h */ = {isa = PBXFileReference; fileEncoding = 4; lastKnownFileType = sourcecode.c.h; path = "UIImage+FiltrrCompositions.h"; sourceTree = "<group>"; };
		0D94673F22B0A09E00F8F396 /* UIImage+Filtrr.m */ = {isa = PBXFileReference; fileEncoding = 4; lastKnownFileType = sourcecode.c.objc; path = "UIImage+Filtrr.m"; sourceTree = "<group>"; };
		0D94674322B0A5EB00F8F396 /* PrefixHeader.pch */ = {isa = PBXFileReference; fileEncoding = 4; lastKnownFileType = sourcecode.c.h; path = PrefixHeader.pch; sourceTree = "<group>"; };
		0D94674422B0B1B800F8F396 /* CIFitlerDetailViewController.h */ = {isa = PBXFileReference; lastKnownFileType = sourcecode.c.h; path = CIFitlerDetailViewController.h; sourceTree = "<group>"; };
		0D94674522B0B1B800F8F396 /* CIFitlerDetailViewController.m */ = {isa = PBXFileReference; lastKnownFileType = sourcecode.c.objc; path = CIFitlerDetailViewController.m; sourceTree = "<group>"; };
/* End PBXFileReference section */

/* Begin PBXFrameworksBuildPhase section */
		0D9466F322B09F2500F8F396 /* Frameworks */ = {
			isa = PBXFrameworksBuildPhase;
			buildActionMask = 2147483647;
			files = (
			);
			runOnlyForDeploymentPostprocessing = 0;
		};
		0D94670E22B09F2500F8F396 /* Frameworks */ = {
			isa = PBXFrameworksBuildPhase;
			buildActionMask = 2147483647;
			files = (
			);
			runOnlyForDeploymentPostprocessing = 0;
		};
		0D94671922B09F2500F8F396 /* Frameworks */ = {
			isa = PBXFrameworksBuildPhase;
			buildActionMask = 2147483647;
			files = (
			);
			runOnlyForDeploymentPostprocessing = 0;
		};
/* End PBXFrameworksBuildPhase section */

/* Begin PBXGroup section */
		0D1D745B22B39DA5001A2259 /* JDMUtility */ = {
			isa = PBXGroup;
			children = (
				0D1D74A122B39DA5001A2259 /* Colours.h */,
				0D1D746722B39DA5001A2259 /* Colours.m */,
				0D1D745C22B39DA5001A2259 /* SceneKit Additions.m */,
				0D1D749F22B39DA5001A2259 /* JDMUtility.h */,
				0D1D74A022B39DA5001A2259 /* SceneKit Additions.h */,
				0D1D749722B39DA5001A2259 /* UIImage+ImageEffects.h */,
				0D1D74A222B39DA5001A2259 /* UIImage+ImageEffects.m */,
				0D1D746522B39DA5001A2259 /* BezierUtilities.h */,
				0D1D749A22B39DA5001A2259 /* BezierUtilities.m */,
				0D1D745D22B39DA5001A2259 /* BaseGeometry.h */,
				0D1D749B22B39DA5001A2259 /* BaseGeometry.m */,
				0D1D749822B39DA5001A2259 /* JDMGradientLayer.h */,
				0D1D74A322B39DA5001A2259 /* JDMGradientLayer.m */,
				0D1D749922B39DA5001A2259 /* UIImage+ResizeMagick.h */,
				0D1D746622B39DA5001A2259 /* UIImage+ResizeMagick.m */,
				0D1D745E22B39DA5001A2259 /* ColorArt */,
				0D1D746822B39DA5001A2259 /* FBTweak */,
				0D1D749C22B39DA5001A2259 /* XMLDictionary */,
			);
			name = JDMUtility;
			path = CIFilter/CIFilter/JDMUtility;
			sourceTree = SOURCE_ROOT;
		};
		0D1D745E22B39DA5001A2259 /* ColorArt */ = {
			isa = PBXGroup;
			children = (
				0D1D746122B39DA5001A2259 /* SLColorArt.h */,
				0D1D746422B39DA5001A2259 /* SLColorArt.m */,
				0D1D745F22B39DA5001A2259 /* UIImage+Scale.h */,
				0D1D746222B39DA5001A2259 /* UIImage+Scale.m */,
				0D1D746022B39DA5001A2259 /* UIImage+ColorArt.h */,
				0D1D746322B39DA5001A2259 /* UIImage+ColorArt.m */,
			);
			path = ColorArt;
			sourceTree = "<group>";
		};
		0D1D746822B39DA5001A2259 /* FBTweak */ = {
			isa = PBXGroup;
			children = (
				0D1D746922B39DA5001A2259 /* FBTweak-Prefix.pch */,
				0D1D746A22B39DA5001A2259 /* _FBTweakCategoryViewController.m */,
				0D1D746B22B39DA5001A2259 /* _FBTweakArrayViewController.h */,
				0D1D746C22B39DA5001A2259 /* FBTweakInline.h */,
				0D1D746D22B39DA5001A2259 /* FBTweakStore.m */,
				0D1D746E22B39DA5001A2259 /* _FBTweakBindObserver.h */,
				0D1D746F22B39DA5001A2259 /* _FBTweakColorViewControllerDataSource.h */,
				0D1D747022B39DA5001A2259 /* FBTweakEnabled.h */,
				0D1D747122B39DA5001A2259 /* _FBTweakDictionaryViewController.h */,
				0D1D747222B39DA5001A2259 /* _FBTweakColorViewControllerHSBDataSource.m */,
				0D1D747322B39DA5001A2259 /* _FBTweakCollectionViewController.m */,
				0D1D747422B39DA5001A2259 /* FBTweakCategory.m */,
				0D1D747522B39DA5001A2259 /* FBTweakViewController.m */,
				0D1D747622B39DA5001A2259 /* FBTweak.m */,
				0D1D747722B39DA5001A2259 /* _FBColorUtils.h */,
				0D1D747822B39DA5001A2259 /* FBTweakCollection.h */,
				0D1D747922B39DA5001A2259 /* _FBKeyboardManager.h */,
				0D1D747A22B39DA5001A2259 /* _FBTweakTableViewCell.m */,
				0D1D747B22B39DA5001A2259 /* FBTweakShakeWindow.m */,
				0D1D747C22B39DA5001A2259 /* _FBColorComponentCell.m */,
				0D1D747D22B39DA5001A2259 /* _FBTweakColorViewController.h */,
				0D1D747E22B39DA5001A2259 /* _FBSliderView.h */,
				0D1D747F22B39DA5001A2259 /* _FBColorWheelCell.h */,
				0D1D748022B39DA5001A2259 /* _FBTweakColorViewControllerRGBDataSource.h */,
				0D1D748122B39DA5001A2259 /* _FBTweakBindObserver.m */,
				0D1D748222B39DA5001A2259 /* FBTweakInline.m */,
				0D1D748322B39DA5001A2259 /* FBTweakStore.h */,
				0D1D748422B39DA5001A2259 /* _FBTweakArrayViewController.m */,
				0D1D748522B39DA5001A2259 /* _FBTweakCategoryViewController.h */,
				0D1D748622B39DA5001A2259 /* FBTweakInlineInternal.h */,
				0D1D748722B39DA5001A2259 /* _FBTweakCollectionViewController.h */,
				0D1D748822B39DA5001A2259 /* FBTweakCategory.h */,
				0D1D748922B39DA5001A2259 /* _FBTweakColorViewControllerHSBDataSource.h */,
				0D1D748A22B39DA5001A2259 /* _FBTweakDictionaryViewController.m */,
				0D1D748B22B39DA5001A2259 /* _FBTweakTableViewCell.h */,
				0D1D748C22B39DA5001A2259 /* _FBKeyboardManager.m */,
				0D1D748D22B39DA5001A2259 /* FBTweakCollection.m */,
				0D1D748E22B39DA5001A2259 /* _FBColorUtils.m */,
				0D1D748F22B39DA5001A2259 /* FBTweak.h */,
				0D1D749022B39DA5001A2259 /* FBTweakViewController.h */,
				0D1D749122B39DA5001A2259 /* _FBTweakColorViewControllerRGBDataSource.m */,
				0D1D749222B39DA5001A2259 /* _FBColorWheelCell.m */,
				0D1D749322B39DA5001A2259 /* _FBSliderView.m */,
				0D1D749422B39DA5001A2259 /* _FBTweakColorViewController.m */,
				0D1D749522B39DA5001A2259 /* _FBColorComponentCell.h */,
				0D1D749622B39DA5001A2259 /* FBTweakShakeWindow.h */,
			);
			path = FBTweak;
			sourceTree = "<group>";
		};
		0D1D749C22B39DA5001A2259 /* XMLDictionary */ = {
			isa = PBXGroup;
			children = (
				0D1D749D22B39DA5001A2259 /* XMLDictionary.h */,
				0D1D749E22B39DA5001A2259 /* XMLDictionary.m */,
			);
			path = XMLDictionary;
			sourceTree = "<group>";
		};
		0D1D754F22B4C2DB001A2259 /* UIX */ = {
			isa = PBXGroup;
			children = (
				0D94673622B0A06E00F8F396 /* UIImage+X.h */,
				0D94673722B0A06E00F8F396 /* UIImage+X.m */,
				0D1D754C22B4C062001A2259 /* NSString+X.h */,
				0D1D754D22B4C062001A2259 /* NSString+X.m */,
				0D1D756722B73C82001A2259 /* UIColor+X.h */,
				0D1D756822B73C82001A2259 /* UIColor+X.m */,
			);
			path = UIX;
			sourceTree = "<group>";
		};
		0D260CD722B108D600C7A70A /* Resource */ = {
			isa = PBXGroup;
			children = (
				0D1D745822B353F1001A2259 /* CIFilters.json */,
				0D260CD122B108C500C7A70A /* File.strings */,
				0D260CD222B108C500C7A70A /* Filters */,
			);
			path = Resource;
			sourceTree = "<group>";
		};
		0D9466ED22B09F2500F8F396 = {
			isa = PBXGroup;
			children = (
				0D9466F822B09F2500F8F396 /* XWColorScope */,
				0D94671422B09F2500F8F396 /* XWColorScopeTests */,
				0D94671F22B09F2500F8F396 /* XWColorScopeUITests */,
				0D9466F722B09F2500F8F396 /* Products */,
			);
			sourceTree = "<group>";
		};
		0D9466F722B09F2500F8F396 /* Products */ = {
			isa = PBXGroup;
			children = (
				0D9466F622B09F2500F8F396 /* XWColorScope.app */,
				0D94671122B09F2500F8F396 /* XWColorScopeTests.xctest */,
				0D94671C22B09F2500F8F396 /* XWColorScopeUITests.xctest */,
			);
			name = Products;
			sourceTree = "<group>";
		};
		0D9466F822B09F2500F8F396 /* XWColorScope */ = {
			isa = PBXGroup;
			children = (
				0D9466F922B09F2500F8F396 /* AppDelegate.h */,
				0D9466FA22B09F2500F8F396 /* AppDelegate.m */,
				0D94673222B09F6F00F8F396 /* HomeViewController.h */,
				0D94673322B09F6F00F8F396 /* HomeViewController.m */,
				0D1D757022B775DA001A2259 /* XWUtilsTableViewController.h */,
				0D1D757122B775DA001A2259 /* XWUtilsTableViewController.m */,
				0D1D753822B4855F001A2259 /* XWCameraViewController.h */,
				0D1D753922B4855F001A2259 /* XWCameraViewController.m */,
				0D1D755D22B71B05001A2259 /* XWColorMapperViewController.h */,
				0D1D755E22B71B05001A2259 /* XWColorMapperViewController.m */,
				0D94673122B09F4600F8F396 /* CIFilters */,
				0D94673922B0A09E00F8F396 /* Filtrr */,
				0D9466FF22B09F2500F8F396 /* Main.storyboard */,
				0D1D745522B344A6001A2259 /* OrderedDictionary.h */,
				0D1D745622B344A7001A2259 /* OrderedDictionary.m */,
				0D1D756122B7398F001A2259 /* ColorSpaceUtilites.m */,
				0D1D756222B73990001A2259 /* ColorSpaceUtilities.h */,
				0D1D745B22B39DA5001A2259 /* JDMUtility */,
				0D94670522B09F2500F8F396 /* Assets.xcassets */,
				0D1D758622B8B127001A2259 /* photos@2x.png */,
				0D1D757722B78A10001A2259 /* video_record@2x.png */,
				0D1D757922B78AB6001A2259 /* camera@2x.png */,
				0D1D758822B8B171001A2259 /* mermaid@2x.png */,
				0D94670722B09F2500F8F396 /* LaunchScreen.storyboard */,
				0D1D756622B739F3001A2259 /* AudioHelper.h */,
				0D1D756422B739EC001A2259 /* AudioHelper.m */,
				0D94670B22B09F2500F8F396 /* main.m */,
				0D1D754F22B4C2DB001A2259 /* UIX */,
				0D94670A22B09F2500F8F396 /* Info.plist */,
				0D94674322B0A5EB00F8F396 /* PrefixHeader.pch */,
				0D260CD722B108D600C7A70A /* Resource */,
				0D94670222B09F2500F8F396 /* XWColorScope.xcdatamodeld */,
			);
			path = XWColorScope;
			sourceTree = "<group>";
		};
		0D94671422B09F2500F8F396 /* XWColorScopeTests */ = {
			isa = PBXGroup;
			children = (
				0D94671522B09F2500F8F396 /* XWColorScopeTests.m */,
				0D94671722B09F2500F8F396 /* Info.plist */,
			);
			path = XWColorScopeTests;
			sourceTree = "<group>";
		};
		0D94671F22B09F2500F8F396 /* XWColorScopeUITests */ = {
			isa = PBXGroup;
			children = (
				0D94672022B09F2500F8F396 /* XWColorScopeUITests.m */,
				0D94672222B09F2500F8F396 /* Info.plist */,
			);
			path = XWColorScopeUITests;
			sourceTree = "<group>";
		};
		0D94673122B09F4600F8F396 /* CIFilters */ = {
			isa = PBXGroup;
			children = (
				0D94672E22B09F3D00F8F396 /* CIFiltersTableViewController.h */,
				0D94672F22B09F3D00F8F396 /* CIFiltersTableViewController.m */,
				0D94674422B0B1B800F8F396 /* CIFitlerDetailViewController.h */,
				0D94674522B0B1B800F8F396 /* CIFitlerDetailViewController.m */,
				0D1D758A22B8B3EF001A2259 /* XWPhotoOptimizeViewController.h */,
				0D1D758B22B8B3EF001A2259 /* XWPhotoOptimizeViewController.m */,
			);
			path = CIFilters;
			sourceTree = "<group>";
		};
		0D94673922B0A09E00F8F396 /* Filtrr */ = {
			isa = PBXGroup;
			children = (
				0D94673C22B0A09E00F8F396 /* UIImage+Filtrr.h */,
				0D94673F22B0A09E00F8F396 /* UIImage+Filtrr.m */,
				0D94673E22B0A09E00F8F396 /* UIImage+FiltrrCompositions.h */,
				0D94673A22B0A09E00F8F396 /* UIImage+FiltrrCompositions.m */,
			);
			path = Filtrr;
			sourceTree = "<group>";
		};
/* End PBXGroup section */

/* Begin PBXNativeTarget section */
		0D9466F522B09F2500F8F396 /* XWColorScope */ = {
			isa = PBXNativeTarget;
			buildConfigurationList = 0D94672522B09F2500F8F396 /* Build configuration list for PBXNativeTarget "XWColorScope" */;
			buildPhases = (
				0D9466F222B09F2500F8F396 /* Sources */,
				0D9466F322B09F2500F8F396 /* Frameworks */,
				0D9466F422B09F2500F8F396 /* Resources */,
			);
			buildRules = (
			);
			dependencies = (
			);
			name = XWColorScope;
			productName = XWColorScope;
			productReference = 0D9466F622B09F2500F8F396 /* XWColorScope.app */;
			productType = "com.apple.product-type.application";
		};
		0D94671022B09F2500F8F396 /* XWColorScopeTests */ = {
			isa = PBXNativeTarget;
			buildConfigurationList = 0D94672822B09F2500F8F396 /* Build configuration list for PBXNativeTarget "XWColorScopeTests" */;
			buildPhases = (
				0D94670D22B09F2500F8F396 /* Sources */,
				0D94670E22B09F2500F8F396 /* Frameworks */,
				0D94670F22B09F2500F8F396 /* Resources */,
			);
			buildRules = (
			);
			dependencies = (
				0D94671322B09F2500F8F396 /* PBXTargetDependency */,
			);
			name = XWColorScopeTests;
			productName = XWColorScopeTests;
			productReference = 0D94671122B09F2500F8F396 /* XWColorScopeTests.xctest */;
			productType = "com.apple.product-type.bundle.unit-test";
		};
		0D94671B22B09F2500F8F396 /* XWColorScopeUITests */ = {
			isa = PBXNativeTarget;
			buildConfigurationList = 0D94672B22B09F2500F8F396 /* Build configuration list for PBXNativeTarget "XWColorScopeUITests" */;
			buildPhases = (
				0D94671822B09F2500F8F396 /* Sources */,
				0D94671922B09F2500F8F396 /* Frameworks */,
				0D94671A22B09F2500F8F396 /* Resources */,
			);
			buildRules = (
			);
			dependencies = (
				0D94671E22B09F2500F8F396 /* PBXTargetDependency */,
			);
			name = XWColorScopeUITests;
			productName = XWColorScopeUITests;
			productReference = 0D94671C22B09F2500F8F396 /* XWColorScopeUITests.xctest */;
			productType = "com.apple.product-type.bundle.ui-testing";
		};
/* End PBXNativeTarget section */

/* Begin PBXProject section */
		0D9466EE22B09F2500F8F396 /* Project object */ = {
			isa = PBXProject;
			attributes = {
				LastUpgradeCheck = 1020;
				ORGANIZATIONNAME = "vivi wu";
				TargetAttributes = {
					0D9466F522B09F2500F8F396 = {
						CreatedOnToolsVersion = 10.2.1;
					};
					0D94671022B09F2500F8F396 = {
						CreatedOnToolsVersion = 10.2.1;
						TestTargetID = 0D9466F522B09F2500F8F396;
					};
					0D94671B22B09F2500F8F396 = {
						CreatedOnToolsVersion = 10.2.1;
						TestTargetID = 0D9466F522B09F2500F8F396;
					};
				};
			};
			buildConfigurationList = 0D9466F122B09F2500F8F396 /* Build configuration list for PBXProject "XWColorScope" */;
			compatibilityVersion = "Xcode 9.3";
			developmentRegion = en;
			hasScannedForEncodings = 0;
			knownRegions = (
				en,
				Base,
			);
			mainGroup = 0D9466ED22B09F2500F8F396;
			productRefGroup = 0D9466F722B09F2500F8F396 /* Products */;
			projectDirPath = "";
			projectRoot = "";
			targets = (
				0D9466F522B09F2500F8F396 /* XWColorScope */,
				0D94671022B09F2500F8F396 /* XWColorScopeTests */,
				0D94671B22B09F2500F8F396 /* XWColorScopeUITests */,
			);
		};
/* End PBXProject section */

/* Begin PBXResourcesBuildPhase section */
		0D9466F422B09F2500F8F396 /* Resources */ = {
			isa = PBXResourcesBuildPhase;
			buildActionMask = 2147483647;
			files = (
				0D1D758922B8B171001A2259 /* mermaid@2x.png in Resources */,
				0D260CD522B108C500C7A70A /* Filters in Resources */,
				0D1D757822B78A10001A2259 /* video_record@2x.png in Resources */,
				0D1D745922B353F1001A2259 /* CIFilters.json in Resources */,
				0D1D757A22B78AB6001A2259 /* camera@2x.png in Resources */,
				0D94670922B09F2500F8F396 /* LaunchScreen.storyboard in Resources */,
				0D94670622B09F2500F8F396 /* Assets.xcassets in Resources */,
				0D94670122B09F2500F8F396 /* Main.storyboard in Resources */,
				0D1D758722B8B127001A2259 /* photos@2x.png in Resources */,
				0D260CD422B108C500C7A70A /* File.strings in Resources */,
			);
			runOnlyForDeploymentPostprocessing = 0;
		};
		0D94670F22B09F2500F8F396 /* Resources */ = {
			isa = PBXResourcesBuildPhase;
			buildActionMask = 2147483647;
			files = (
			);
			runOnlyForDeploymentPostprocessing = 0;
		};
		0D94671A22B09F2500F8F396 /* Resources */ = {
			isa = PBXResourcesBuildPhase;
			buildActionMask = 2147483647;
			files = (
			);
			runOnlyForDeploymentPostprocessing = 0;
		};
/* End PBXResourcesBuildPhase section */

/* Begin PBXSourcesBuildPhase section */
		0D9466F222B09F2500F8F396 /* Sources */ = {
			isa = PBXSourcesBuildPhase;
			buildActionMask = 2147483647;
			files = (
				0D1D756522B739EC001A2259 /* AudioHelper.m in Sources */,
				0D1D74AF22B39DA5001A2259 /* FBTweakViewController.m in Sources */,
				0D1D74AA22B39DA5001A2259 /* _FBTweakCategoryViewController.m in Sources */,
				0D1D74C222B39DA5001A2259 /* UIImage+ImageEffects.m in Sources */,
				0D1D74BD22B39DA5001A2259 /* _FBSliderView.m in Sources */,
				0D1D74B822B39DA5001A2259 /* _FBKeyboardManager.m in Sources */,
				0D1D74C122B39DA5001A2259 /* XMLDictionary.m in Sources */,
				0D1D74A422B39DA5001A2259 /* SceneKit Additions.m in Sources */,
				0D1D757222B775DA001A2259 /* XWUtilsTableViewController.m in Sources */,
				0D1D74AC22B39DA5001A2259 /* _FBTweakColorViewControllerHSBDataSource.m in Sources */,
				0D94673822B0A06E00F8F396 /* UIImage+X.m in Sources */,
				0D1D74B422B39DA5001A2259 /* _FBTweakBindObserver.m in Sources */,
				0D1D74A522B39DA5001A2259 /* UIImage+Scale.m in Sources */,
				0D94670422B09F2500F8F396 /* XWColorScope.xcdatamodeld in Sources */,
				0D1D758C22B8B3EF001A2259 /* XWPhotoOptimizeViewController.m in Sources */,
				0D1D74B222B39DA5001A2259 /* FBTweakShakeWindow.m in Sources */,
				0D94673022B09F3D00F8F396 /* CIFiltersTableViewController.m in Sources */,
				0D1D74C322B39DA5001A2259 /* JDMGradientLayer.m in Sources */,
				0D1D74BA22B39DA5001A2259 /* _FBColorUtils.m in Sources */,
				0D1D74B922B39DA5001A2259 /* FBTweakCollection.m in Sources */,
				0D1D74B022B39DA5001A2259 /* FBTweak.m in Sources */,
				0D1D74AD22B39DA5001A2259 /* _FBTweakCollectionViewController.m in Sources */,
				0D1D74B322B39DA5001A2259 /* _FBColorComponentCell.m in Sources */,
				0D94674622B0B1B800F8F396 /* CIFitlerDetailViewController.m in Sources */,
				0D1D756922B73C82001A2259 /* UIColor+X.m in Sources */,
				0D1D755F22B71B05001A2259 /* XWColorMapperViewController.m in Sources */,
				0D1D74A922B39DA5001A2259 /* Colours.m in Sources */,
				0D94670C22B09F2500F8F396 /* main.m in Sources */,
				0D1D74B122B39DA5001A2259 /* _FBTweakTableViewCell.m in Sources */,
				0D1D74B522B39DA5001A2259 /* FBTweakInline.m in Sources */,
				0D1D74A622B39DA5001A2259 /* UIImage+ColorArt.m in Sources */,
				0D94673422B09F6F00F8F396 /* HomeViewController.m in Sources */,
				0D1D74C022B39DA5001A2259 /* BaseGeometry.m in Sources */,
				0D1D74BB22B39DA5001A2259 /* _FBTweakColorViewControllerRGBDataSource.m in Sources */,
				0D1D754E22B4C062001A2259 /* NSString+X.m in Sources */,
				0D1D74BF22B39DA5001A2259 /* BezierUtilities.m in Sources */,
				0D1D753A22B4855F001A2259 /* XWCameraViewController.m in Sources */,
				0D1D74BE22B39DA5001A2259 /* _FBTweakColorViewController.m in Sources */,
				0D1D74AB22B39DA5001A2259 /* FBTweakStore.m in Sources */,
				0D1D74BC22B39DA5001A2259 /* _FBColorWheelCell.m in Sources */,
				0D1D74AE22B39DA5001A2259 /* FBTweakCategory.m in Sources */,
				0D1D756322B73990001A2259 /* ColorSpaceUtilites.m in Sources */,
				0D94674022B0A09E00F8F396 /* UIImage+FiltrrCompositions.m in Sources */,
				0D94674222B0A09E00F8F396 /* UIImage+Filtrr.m in Sources */,
				0D1D74A822B39DA5001A2259 /* UIImage+ResizeMagick.m in Sources */,
				0D1D74A722B39DA5001A2259 /* SLColorArt.m in Sources */,
				0D1D74B622B39DA5001A2259 /* _FBTweakArrayViewController.m in Sources */,
				0D1D74B722B39DA5001A2259 /* _FBTweakDictionaryViewController.m in Sources */,
				0D1D745722B344A7001A2259 /* OrderedDictionary.m in Sources */,
				0D9466FB22B09F2500F8F396 /* AppDelegate.m in Sources */,
			);
			runOnlyForDeploymentPostprocessing = 0;
		};
		0D94670D22B09F2500F8F396 /* Sources */ = {
			isa = PBXSourcesBuildPhase;
			buildActionMask = 2147483647;
			files = (
				0D94671622B09F2500F8F396 /* XWColorScopeTests.m in Sources */,
			);
			runOnlyForDeploymentPostprocessing = 0;
		};
		0D94671822B09F2500F8F396 /* Sources */ = {
			isa = PBXSourcesBuildPhase;
			buildActionMask = 2147483647;
			files = (
				0D94672122B09F2500F8F396 /* XWColorScopeUITests.m in Sources */,
			);
			runOnlyForDeploymentPostprocessing = 0;
		};
/* End PBXSourcesBuildPhase section */

/* Begin PBXTargetDependency section */
		0D94671322B09F2500F8F396 /* PBXTargetDependency */ = {
			isa = PBXTargetDependency;
			target = 0D9466F522B09F2500F8F396 /* XWColorScope */;
			targetProxy = 0D94671222B09F2500F8F396 /* PBXContainerItemProxy */;
		};
		0D94671E22B09F2500F8F396 /* PBXTargetDependency */ = {
			isa = PBXTargetDependency;
			target = 0D9466F522B09F2500F8F396 /* XWColorScope */;
			targetProxy = 0D94671D22B09F2500F8F396 /* PBXContainerItemProxy */;
		};
/* End PBXTargetDependency section */

/* Begin PBXVariantGroup section */
		0D9466FF22B09F2500F8F396 /* Main.storyboard */ = {
			isa = PBXVariantGroup;
			children = (
				0D94670022B09F2500F8F396 /* Base */,
			);
			name = Main.storyboard;
			sourceTree = "<group>";
		};
		0D94670722B09F2500F8F396 /* LaunchScreen.storyboard */ = {
			isa = PBXVariantGroup;
			children = (
				0D94670822B09F2500F8F396 /* Base */,
			);
			name = LaunchScreen.storyboard;
			sourceTree = "<group>";
		};
/* End PBXVariantGroup section */

/* Begin XCBuildConfiguration section */
		0D94672322B09F2500F8F396 /* Debug */ = {
			isa = XCBuildConfiguration;
			buildSettings = {
				ALWAYS_SEARCH_USER_PATHS = NO;
				CLANG_ANALYZER_NONNULL = YES;
				CLANG_ANALYZER_NUMBER_OBJECT_CONVERSION = YES_AGGRESSIVE;
				CLANG_CXX_LANGUAGE_STANDARD = "gnu++14";
				CLANG_CXX_LIBRARY = "libc++";
				CLANG_ENABLE_MODULES = YES;
				CLANG_ENABLE_OBJC_ARC = YES;
				CLANG_ENABLE_OBJC_WEAK = YES;
				CLANG_WARN_BLOCK_CAPTURE_AUTORELEASING = YES;
				CLANG_WARN_BOOL_CONVERSION = YES;
				CLANG_WARN_COMMA = YES;
				CLANG_WARN_CONSTANT_CONVERSION = YES;
				CLANG_WARN_DEPRECATED_OBJC_IMPLEMENTATIONS = YES;
				CLANG_WARN_DIRECT_OBJC_ISA_USAGE = YES_ERROR;
				CLANG_WARN_DOCUMENTATION_COMMENTS = YES;
				CLANG_WARN_EMPTY_BODY = YES;
				CLANG_WARN_ENUM_CONVERSION = YES;
				CLANG_WARN_INFINITE_RECURSION = YES;
				CLANG_WARN_INT_CONVERSION = YES;
				CLANG_WARN_NON_LITERAL_NULL_CONVERSION = YES;
				CLANG_WARN_OBJC_IMPLICIT_RETAIN_SELF = YES;
				CLANG_WARN_OBJC_LITERAL_CONVERSION = YES;
				CLANG_WARN_OBJC_ROOT_CLASS = YES_ERROR;
				CLANG_WARN_RANGE_LOOP_ANALYSIS = YES;
				CLANG_WARN_STRICT_PROTOTYPES = YES;
				CLANG_WARN_SUSPICIOUS_MOVE = YES;
				CLANG_WARN_UNGUARDED_AVAILABILITY = YES_AGGRESSIVE;
				CLANG_WARN_UNREACHABLE_CODE = YES;
				CLANG_WARN__DUPLICATE_METHOD_MATCH = YES;
				CODE_SIGN_IDENTITY = "iPhone Developer";
				COPY_PHASE_STRIP = NO;
				DEBUG_INFORMATION_FORMAT = dwarf;
				ENABLE_STRICT_OBJC_MSGSEND = YES;
				ENABLE_TESTABILITY = YES;
				GCC_C_LANGUAGE_STANDARD = gnu11;
				GCC_DYNAMIC_NO_PIC = NO;
				GCC_NO_COMMON_BLOCKS = YES;
				GCC_OPTIMIZATION_LEVEL = 0;
				GCC_PREPROCESSOR_DEFINITIONS = (
					"DEBUG=1",
					"$(inherited)",
				);
				GCC_WARN_64_TO_32_BIT_CONVERSION = YES;
				GCC_WARN_ABOUT_RETURN_TYPE = YES_ERROR;
				GCC_WARN_UNDECLARED_SELECTOR = YES;
				GCC_WARN_UNINITIALIZED_AUTOS = YES_AGGRESSIVE;
				GCC_WARN_UNUSED_FUNCTION = YES;
				GCC_WARN_UNUSED_VARIABLE = YES;
				IPHONEOS_DEPLOYMENT_TARGET = 9.0;
				MTL_ENABLE_DEBUG_INFO = INCLUDE_SOURCE;
				MTL_FAST_MATH = YES;
				ONLY_ACTIVE_ARCH = YES;
				SDKROOT = iphoneos;
			};
			name = Debug;
		};
		0D94672422B09F2500F8F396 /* Release */ = {
			isa = XCBuildConfiguration;
			buildSettings = {
				ALWAYS_SEARCH_USER_PATHS = NO;
				CLANG_ANALYZER_NONNULL = YES;
				CLANG_ANALYZER_NUMBER_OBJECT_CONVERSION = YES_AGGRESSIVE;
				CLANG_CXX_LANGUAGE_STANDARD = "gnu++14";
				CLANG_CXX_LIBRARY = "libc++";
				CLANG_ENABLE_MODULES = YES;
				CLANG_ENABLE_OBJC_ARC = YES;
				CLANG_ENABLE_OBJC_WEAK = YES;
				CLANG_WARN_BLOCK_CAPTURE_AUTORELEASING = YES;
				CLANG_WARN_BOOL_CONVERSION = YES;
				CLANG_WARN_COMMA = YES;
				CLANG_WARN_CONSTANT_CONVERSION = YES;
				CLANG_WARN_DEPRECATED_OBJC_IMPLEMENTATIONS = YES;
				CLANG_WARN_DIRECT_OBJC_ISA_USAGE = YES_ERROR;
				CLANG_WARN_DOCUMENTATION_COMMENTS = YES;
				CLANG_WARN_EMPTY_BODY = YES;
				CLANG_WARN_ENUM_CONVERSION = YES;
				CLANG_WARN_INFINITE_RECURSION = YES;
				CLANG_WARN_INT_CONVERSION = YES;
				CLANG_WARN_NON_LITERAL_NULL_CONVERSION = YES;
				CLANG_WARN_OBJC_IMPLICIT_RETAIN_SELF = YES;
				CLANG_WARN_OBJC_LITERAL_CONVERSION = YES;
				CLANG_WARN_OBJC_ROOT_CLASS = YES_ERROR;
				CLANG_WARN_RANGE_LOOP_ANALYSIS = YES;
				CLANG_WARN_STRICT_PROTOTYPES = YES;
				CLANG_WARN_SUSPICIOUS_MOVE = YES;
				CLANG_WARN_UNGUARDED_AVAILABILITY = YES_AGGRESSIVE;
				CLANG_WARN_UNREACHABLE_CODE = YES;
				CLANG_WARN__DUPLICATE_METHOD_MATCH = YES;
				CODE_SIGN_IDENTITY = "iPhone Developer";
				COPY_PHASE_STRIP = NO;
				DEBUG_INFORMATION_FORMAT = "dwarf-with-dsym";
				ENABLE_NS_ASSERTIONS = NO;
				ENABLE_STRICT_OBJC_MSGSEND = YES;
				GCC_C_LANGUAGE_STANDARD = gnu11;
				GCC_NO_COMMON_BLOCKS = YES;
				GCC_WARN_64_TO_32_BIT_CONVERSION = YES;
				GCC_WARN_ABOUT_RETURN_TYPE = YES_ERROR;
				GCC_WARN_UNDECLARED_SELECTOR = YES;
				GCC_WARN_UNINITIALIZED_AUTOS = YES_AGGRESSIVE;
				GCC_WARN_UNUSED_FUNCTION = YES;
				GCC_WARN_UNUSED_VARIABLE = YES;
				IPHONEOS_DEPLOYMENT_TARGET = 9.0;
				MTL_ENABLE_DEBUG_INFO = NO;
				MTL_FAST_MATH = YES;
				SDKROOT = iphoneos;
				VALIDATE_PRODUCT = YES;
			};
			name = Release;
		};
		0D94672622B09F2500F8F396 /* Debug */ = {
			isa = XCBuildConfiguration;
			buildSettings = {
				ASSETCATALOG_COMPILER_APPICON_NAME = AppIcon;
				CLANG_WARN_DOCUMENTATION_COMMENTS = NO;
				CODE_SIGN_STYLE = Automatic;
				DEVELOPMENT_TEAM = ALAK6VG32W;
				GCC_PRECOMPILE_PREFIX_HEADER = YES;
				GCC_PREFIX_HEADER = XWColorScope/PrefixHeader.pch;
				INFOPLIST_FILE = XWColorScope/Info.plist;
				LD_RUNPATH_SEARCH_PATHS = (
					"$(inherited)",
					"@executable_path/Frameworks",
				);
				PRODUCT_BUNDLE_IDENTIFIER = com.qway.ios;
				PRODUCT_NAME = "$(TARGET_NAME)";
				TARGETED_DEVICE_FAMILY = "1,2";
			};
			name = Debug;
		};
		0D94672722B09F2500F8F396 /* Release */ = {
			isa = XCBuildConfiguration;
			buildSettings = {
				ASSETCATALOG_COMPILER_APPICON_NAME = AppIcon;
				CLANG_WARN_DOCUMENTATION_COMMENTS = NO;
				CODE_SIGN_STYLE = Automatic;
				DEVELOPMENT_TEAM = ALAK6VG32W;
				GCC_PRECOMPILE_PREFIX_HEADER = YES;
				GCC_PREFIX_HEADER = XWColorScope/PrefixHeader.pch;
				INFOPLIST_FILE = XWColorScope/Info.plist;
				LD_RUNPATH_SEARCH_PATHS = (
					"$(inherited)",
					"@executable_path/Frameworks",
				);
				PRODUCT_BUNDLE_IDENTIFIER = com.qway.ios;
				PRODUCT_NAME = "$(TARGET_NAME)";
				TARGETED_DEVICE_FAMILY = "1,2";
			};
			name = Release;
		};
		0D94672922B09F2500F8F396 /* Debug */ = {
			isa = XCBuildConfiguration;
			buildSettings = {
				BUNDLE_LOADER = "$(TEST_HOST)";
				CODE_SIGN_STYLE = Automatic;
				DEVELOPMENT_TEAM = ALAK6VG32W;
				INFOPLIST_FILE = XWColorScopeTests/Info.plist;
				LD_RUNPATH_SEARCH_PATHS = (
					"$(inherited)",
					"@executable_path/Frameworks",
					"@loader_path/Frameworks",
				);
				PRODUCT_BUNDLE_IDENTIFIER = com.qway.qchat.XWColorScopeTests;
				PRODUCT_NAME = "$(TARGET_NAME)";
				TARGETED_DEVICE_FAMILY = "1,2";
				TEST_HOST = "$(BUILT_PRODUCTS_DIR)/XWColorScope.app/XWColorScope";
			};
			name = Debug;
		};
		0D94672A22B09F2500F8F396 /* Release */ = {
			isa = XCBuildConfiguration;
			buildSettings = {
				BUNDLE_LOADER = "$(TEST_HOST)";
				CODE_SIGN_STYLE = Automatic;
				DEVELOPMENT_TEAM = ALAK6VG32W;
				INFOPLIST_FILE = XWColorScopeTests/Info.plist;
				LD_RUNPATH_SEARCH_PATHS = (
					"$(inherited)",
					"@executable_path/Frameworks",
					"@loader_path/Frameworks",
				);
				PRODUCT_BUNDLE_IDENTIFIER = com.qway.qchat.XWColorScopeTests;
				PRODUCT_NAME = "$(TARGET_NAME)";
				TARGETED_DEVICE_FAMILY = "1,2";
				TEST_HOST = "$(BUILT_PRODUCTS_DIR)/XWColorScope.app/XWColorScope";
			};
			name = Release;
		};
		0D94672C22B09F2500F8F396 /* Debug */ = {
			isa = XCBuildConfiguration;
			buildSettings = {
				CODE_SIGN_STYLE = Automatic;
				DEVELOPMENT_TEAM = ALAK6VG32W;
				INFOPLIST_FILE = XWColorScopeUITests/Info.plist;
				LD_RUNPATH_SEARCH_PATHS = (
					"$(inherited)",
					"@executable_path/Frameworks",
					"@loader_path/Frameworks",
				);
				PRODUCT_BUNDLE_IDENTIFIER = com.qway.qchat.XWColorScopeUITests;
				PRODUCT_NAME = "$(TARGET_NAME)";
				TARGETED_DEVICE_FAMILY = "1,2";
				TEST_TARGET_NAME = XWColorScope;
			};
			name = Debug;
		};
		0D94672D22B09F2500F8F396 /* Release */ = {
			isa = XCBuildConfiguration;
			buildSettings = {
				CODE_SIGN_STYLE = Automatic;
				DEVELOPMENT_TEAM = ALAK6VG32W;
				INFOPLIST_FILE = XWColorScopeUITests/Info.plist;
				LD_RUNPATH_SEARCH_PATHS = (
					"$(inherited)",
					"@executable_path/Frameworks",
					"@loader_path/Frameworks",
				);
				PRODUCT_BUNDLE_IDENTIFIER = com.qway.qchat.XWColorScopeUITests;
				PRODUCT_NAME = "$(TARGET_NAME)";
				TARGETED_DEVICE_FAMILY = "1,2";
				TEST_TARGET_NAME = XWColorScope;
			};
			name = Release;
		};
/* End XCBuildConfiguration section */

/* Begin XCConfigurationList section */
		0D9466F122B09F2500F8F396 /* Build configuration list for PBXProject "XWColorScope" */ = {
			isa = XCConfigurationList;
			buildConfigurations = (
				0D94672322B09F2500F8F396 /* Debug */,
				0D94672422B09F2500F8F396 /* Release */,
			);
			defaultConfigurationIsVisible = 0;
			defaultConfigurationName = Release;
		};
		0D94672522B09F2500F8F396 /* Build configuration list for PBXNativeTarget "XWColorScope" */ = {
			isa = XCConfigurationList;
			buildConfigurations = (
				0D94672622B09F2500F8F396 /* Debug */,
				0D94672722B09F2500F8F396 /* Release */,
			);
			defaultConfigurationIsVisible = 0;
			defaultConfigurationName = Release;
		};
		0D94672822B09F2500F8F396 /* Build configuration list for PBXNativeTarget "XWColorScopeTests" */ = {
			isa = XCConfigurationList;
			buildConfigurations = (
				0D94672922B09F2500F8F396 /* Debug */,
				0D94672A22B09F2500F8F396 /* Release */,
			);
			defaultConfigurationIsVisible = 0;
			defaultConfigurationName = Release;
		};
		0D94672B22B09F2500F8F396 /* Build configuration list for PBXNativeTarget "XWColorScopeUITests" */ = {
			isa = XCConfigurationList;
			buildConfigurations = (
				0D94672C22B09F2500F8F396 /* Debug */,
				0D94672D22B09F2500F8F396 /* Release */,
			);
			defaultConfigurationIsVisible = 0;
			defaultConfigurationName = Release;
		};
/* End XCConfigurationList section */

/* Begin XCVersionGroup section */
		0D94670222B09F2500F8F396 /* XWColorScope.xcdatamodeld */ = {
			isa = XCVersionGroup;
			children = (
				0D94670322B09F2500F8F396 /* XWColorScope.xcdatamodel */,
			);
			currentVersion = 0D94670322B09F2500F8F396 /* XWColorScope.xcdatamodel */;
			path = XWColorScope.xcdatamodeld;
			sourceTree = "<group>";
			versionGroupType = wrapper.xcdatamodel;
		};
/* End XCVersionGroup section */
	};
	rootObject = 0D9466EE22B09F2500F8F396 /* Project object */;
}
